
Microsoft Visual Studio Solution File, Format Version 12.00
# Visual Studio 2015
Project("{FAE04EC0-301F-11D3-BF4B-00C04F79EFBC}") = "KittenEndlessRunner.Plugins", "KittenEndlessRunner.Plugins.csproj", "{C5620A05-9B98-DA3B-31CE-226EB1567F14}"
EndProject
Project("{FAE04EC0-301F-11D3-BF4B-00C04F79EFBC}") = "KittenEndlessRunner", "KittenEndlessRunner.csproj", "{D74ADCA2-5702-CEF4-03A4-F06F11FD619E}"
EndProject
Global
	GlobalSection(SolutionConfigurationPlatforms) = preSolution
		Debug|Any CPU = Debug|Any CPU
		Release|Any CPU = Release|Any CPU
	EndGlobalSection
	GlobalSection(ProjectConfigurationPlatforms) = postSolution
		{C5620A05-9B98-DA3B-31CE-226EB1567F14}.Debug|Any CPU.ActiveCfg = Debug|Any CPU
		{C5620A05-9B98-DA3B-31CE-226EB1567F14}.Debug|Any CPU.Build.0 = Debug|Any CPU
		{C5620A05-9B98-DA3B-31CE-226EB1567F14}.Release|Any CPU.ActiveCfg = Release|Any CPU
		{C5620A05-9B98-DA3B-31CE-226EB1567F14}.Release|Any CPU.Build.0 = Release|Any CPU
		{D74ADCA2-5702-CEF4-03A4-F06F11FD619E}.Debug|Any CPU.ActiveCfg = Debug|Any CPU
		{D74ADCA2-5702-CEF4-03A4-F06F11FD619E}.Debug|Any CPU.Build.0 = Debug|Any CPU
		{D74ADCA2-5702-CEF4-03A4-F06F11FD619E}.Release|Any CPU.ActiveCfg = Release|Any CPU
		{D74ADCA2-5702-CEF4-03A4-F06F11FD619E}.Release|Any CPU.Build.0 = Release|Any CPU
	EndGlobalSection
	GlobalSection(SolutionProperties) = preSolution
		HideSolutionNode = FALSE
	EndGlobalSection
EndGlobal
